
Microsoft Visual Studio Solution File, Format Version 12.00
# Visual Studio Version 17
VisualStudioVersion = 17.1.31911.260
MinimumVisualStudioVersion = 10.0.40219.1
Project("{9A19103F-16F7-4668-BE54-9A1E7A4F7556}") = "NINETRAX", "NINETRAX\NINETRAX.csproj", "{BE36E5D5-334D-4430-BFC4-829070B84771}"
EndProject
Project("{FAE04EC0-301F-11D3-BF4B-00C04F79EFBC}") = "DataLayer", "DataLayer\DataLayer.csproj", "{8D25093D-4BE6-4D18-85EB-31D0CDE4C1B2}"
EndProject
Project("{FAE04EC0-301F-11D3-BF4B-00C04F79EFBC}") = "RepositoryLayer", "RepositoryLayer\RepositoryLayer.csproj", "{785334BE-ACDE-4B85-BCC9-FF61A9B7D7C6}"
EndProject
Global
	GlobalSection(SolutionConfigurationPlatforms) = preSolution
		Debug|Any CPU = Debug|Any CPU
		Release|Any CPU = Release|Any CPU
	EndGlobalSection
	GlobalSection(ProjectConfigurationPlatforms) = postSolution
		{BE36E5D5-334D-4430-BFC4-829070B84771}.Debug|Any CPU.ActiveCfg = Debug|Any CPU
		{BE36E5D5-334D-4430-BFC4-829070B84771}.Debug|Any CPU.Build.0 = Debug|Any CPU
		{BE36E5D5-334D-4430-BFC4-829070B84771}.Release|Any CPU.ActiveCfg = Release|Any CPU
		{BE36E5D5-334D-4430-BFC4-829070B84771}.Release|Any CPU.Build.0 = Release|Any CPU
		{8D25093D-4BE6-4D18-85EB-31D0CDE4C1B2}.Debug|Any CPU.ActiveCfg = Debug|Any CPU
		{8D25093D-4BE6-4D18-85EB-31D0CDE4C1B2}.Debug|Any CPU.Build.0 = Debug|Any CPU
		{8D25093D-4BE6-4D18-85EB-31D0CDE4C1B2}.Release|Any CPU.ActiveCfg = Release|Any CPU
		{8D25093D-4BE6-4D18-85EB-31D0CDE4C1B2}.Release|Any CPU.Build.0 = Release|Any CPU
		{785334BE-ACDE-4B85-BCC9-FF61A9B7D7C6}.Debug|Any CPU.ActiveCfg = Debug|Any CPU
		{785334BE-ACDE-4B85-BCC9-FF61A9B7D7C6}.Debug|Any CPU.Build.0 = Debug|Any CPU
		{785334BE-ACDE-4B85-BCC9-FF61A9B7D7C6}.Release|Any CPU.ActiveCfg = Release|Any CPU
		{785334BE-ACDE-4B85-BCC9-FF61A9B7D7C6}.Release|Any CPU.Build.0 = Release|Any CPU
	EndGlobalSection
	GlobalSection(SolutionProperties) = preSolution
		HideSolutionNode = FALSE
	EndGlobalSection
	GlobalSection(ExtensibilityGlobals) = postSolution
		SolutionGuid = {DC2C7915-D857-48BF-962A-9995331B4D3D}
	EndGlobalSection
EndGlobal
